{
  "version": 4,
  "terraform_version": "0.13.6",
  "serial": 3,
  "lineage": "2185b2d0-4764-c547-edb5-7db67b7f870b",
  "outputs": {},
  "resources": [
    {
      "mode": "managed",
      "type": "google_compute_firewall",
      "name": "instance",
      "provider": "provider[\"registry.terraform.io/hashicorp/google\"]",
      "instances": [
        {
          "schema_version": 1,
          "attributes": {
            "allow": [
              {
                "ports": [
                  "8000"
                ],
                "protocol": "tcp"
              }
            ],
            "creation_timestamp": "2021-04-15T23:14:49.231-07:00",
            "deny": [],
            "description": "",
            "destination_ranges": [],
            "direction": "INGRESS",
            "disabled": false,
            "enable_logging": null,
            "id": "projects/cc-dev-sandbox-20200619/global/firewalls/test-utkarsh-code-pipes",
            "log_config": [],
            "name": "test-utkarsh-code-pipes",
            "network": "https://www.googleapis.com/compute/v1/projects/cc-dev-sandbox-20200619/global/networks/default",
            "priority": 1000,
            "project": "cc-dev-sandbox-20200619",
            "self_link": "https://www.googleapis.com/compute/v1/projects/cc-dev-sandbox-20200619/global/firewalls/test-utkarsh-code-pipes",
            "source_ranges": [
              "0.0.0.0/0"
            ],
            "source_service_accounts": null,
            "source_tags": null,
            "target_service_accounts": null,
            "target_tags": null,
            "timeouts": null
          },
          "private": "eyJlMmJmYjczMC1lY2FhLTExZTYtOGY4OC0zNDM2M2JjN2M0YzAiOnsiY3JlYXRlIjoyNDAwMDAwMDAwMDAsImRlbGV0ZSI6MjQwMDAwMDAwMDAwLCJ1cGRhdGUiOjI0MDAwMDAwMDAwMH0sInNjaGVtYV92ZXJzaW9uIjoiMSJ9"
        }
      ]
    },
    {
      "mode": "managed",
      "type": "google_compute_instance",
      "name": "example",
      "provider": "provider[\"registry.terraform.io/hashicorp/google\"]",
      "instances": [
        {
          "schema_version": 6,
          "attributes": {
            "allow_stopping_for_update": null,
            "attached_disk": [],
            "boot_disk": [
              {
                "auto_delete": true,
                "device_name": "persistent-disk-0",
                "disk_encryption_key_raw": "",
                "disk_encryption_key_sha256": "",
                "initialize_params": [
                  {
                    "image": "https://www.googleapis.com/compute/v1/projects/ubuntu-os-cloud/global/images/ubuntu-1604-xenial-v20210414",
                    "labels": {},
                    "size": 10,
                    "type": "pd-standard"
                  }
                ],
                "kms_key_self_link": "",
                "mode": "READ_WRITE",
                "source": "https://www.googleapis.com/compute/v1/projects/cc-dev-sandbox-20200619/zones/us-east1-b/disks/test-utkarsh-code-pipes"
              }
            ],
            "can_ip_forward": false,
            "confidential_instance_config": [],
            "cpu_platform": "Intel Haswell",
            "current_status": "RUNNING",
            "deletion_protection": false,
            "description": "",
            "desired_status": null,
            "enable_display": false,
            "guest_accelerator": [],
            "hostname": "",
            "id": "projects/cc-dev-sandbox-20200619/zones/us-east1-b/instances/test-utkarsh-code-pipes",
            "instance_id": "386889832591562164",
            "label_fingerprint": "42WmSpB8rSM=",
            "labels": null,
            "machine_type": "f1-micro",
            "metadata": null,
            "metadata_fingerprint": "teW1nKRSlRc=",
            "metadata_startup_script": "echo 'Hello, Team Code Pipes, Your Automation works!!!' \u003e index.html ; nohup busybox httpd -f -p 8000 \u0026",
            "min_cpu_platform": "",
            "name": "test-utkarsh-code-pipes",
            "network_interface": [
              {
                "access_config": [
                  {
                    "nat_ip": "35.231.98.123",
                    "network_tier": "PREMIUM",
                    "public_ptr_domain_name": ""
                  }
                ],
                "alias_ip_range": [],
                "name": "nic0",
                "network": "https://www.googleapis.com/compute/v1/projects/cc-dev-sandbox-20200619/global/networks/default",
                "network_ip": "10.142.0.8",
                "nic_type": "",
                "subnetwork": "https://www.googleapis.com/compute/v1/projects/cc-dev-sandbox-20200619/regions/us-east1/subnetworks/default",
                "subnetwork_project": "cc-dev-sandbox-20200619"
              }
            ],
            "project": "cc-dev-sandbox-20200619",
            "resource_policies": null,
            "scheduling": [
              {
                "automatic_restart": true,
                "min_node_cpus": 0,
                "node_affinities": [],
                "on_host_maintenance": "MIGRATE",
                "preemptible": false
              }
            ],
            "scratch_disk": [],
            "self_link": "https://www.googleapis.com/compute/v1/projects/cc-dev-sandbox-20200619/zones/us-east1-b/instances/test-utkarsh-code-pipes",
            "service_account": [],
            "shielded_instance_config": [
              {
                "enable_integrity_monitoring": true,
                "enable_secure_boot": false,
                "enable_vtpm": true
              }
            ],
            "tags": [
              "terraform-example",
              "utkarsh-codepipes-testing"
            ],
            "tags_fingerprint": "LtZ3YE1PH0o=",
            "timeouts": null,
            "zone": "us-east1-b"
          },
          "private": "eyJlMmJmYjczMC1lY2FhLTExZTYtOGY4OC0zNDM2M2JjN2M0YzAiOnsiY3JlYXRlIjoxMjAwMDAwMDAwMDAwLCJkZWxldGUiOjEyMDAwMDAwMDAwMDAsInVwZGF0ZSI6MTIwMDAwMDAwMDAwMH0sInNjaGVtYV92ZXJzaW9uIjoiNiJ9"
        }
      ]
    }
  ]
}
